
Microsoft Visual Studio Solution File, Format Version 12.00
# Visual Studio Version 17
VisualStudioVersion = 17.5.33516.290
MinimumVisualStudioVersion = 10.0.40219.1
Project("{8BC9CEB8-8B4A-11D0-8D11-00A0C91BC942}") = "function", "function.vcxproj", "{F0371301-85DD-489D-8AF1-BA602D3ED69E}"
EndProject
Global
	GlobalSection(SolutionConfigurationPlatforms) = preSolution
		Debug|x64 = Debug|x64
		Debug|x86 = Debug|x86
		Release|x64 = Release|x64
		Release|x86 = Release|x86
	EndGlobalSection
	GlobalSection(ProjectConfigurationPlatforms) = postSolution
		{F0371301-85DD-489D-8AF1-BA602D3ED69E}.Debug|x64.ActiveCfg = Debug|x64
		{F0371301-85DD-489D-8AF1-BA602D3ED69E}.Debug|x64.Build.0 = Debug|x64
		{F0371301-85DD-489D-8AF1-BA602D3ED69E}.Debug|x86.ActiveCfg = Debug|Win32
		{F0371301-85DD-489D-8AF1-BA602D3ED69E}.Debug|x86.Build.0 = Debug|Win32
		{F0371301-85DD-489D-8AF1-BA602D3ED69E}.Release|x64.ActiveCfg = Release|x64
		{F0371301-85DD-489D-8AF1-BA602D3ED69E}.Release|x64.Build.0 = Release|x64
		{F0371301-85DD-489D-8AF1-BA602D3ED69E}.Release|x86.ActiveCfg = Release|Win32
		{F0371301-85DD-489D-8AF1-BA602D3ED69E}.Release|x86.Build.0 = Release|Win32
	EndGlobalSection
	GlobalSection(SolutionProperties) = preSolution
		HideSolutionNode = FALSE
	EndGlobalSection
	GlobalSection(ExtensibilityGlobals) = postSolution
		SolutionGuid = {8B1B4066-5F2E-4C02-9A81-49F2EE5D5D25}
	EndGlobalSection
EndGlobal
